
Microsoft Visual Studio Solution File, Format Version 12.00
# Visual Studio Version 17
VisualStudioVersion = 17.0.32014.148
MinimumVisualStudioVersion = 10.0.40219.1
Project("{9A19103F-16F7-4668-BE54-9A1E7A4F7556}") = "Grokking Algorithms", "Grokking Algorithms\Grokking Algorithms.csproj", "{D6EA2466-65EC-4465-85C6-6E766ECD65A2}"
EndProject
Project("{9A19103F-16F7-4668-BE54-9A1E7A4F7556}") = "Chapter 1", "Chapter 1\Chapter 1.csproj", "{3BD6D4AF-74DB-4EA7-B95D-5A75F0E327DC}"
EndProject
Project("{9A19103F-16F7-4668-BE54-9A1E7A4F7556}") = "Chapter 2", "Chapter 2\Chapter 2.csproj", "{C3F1828A-22E7-4FD5-82F2-762ED0D8D8FD}"
EndProject
Project("{9A19103F-16F7-4668-BE54-9A1E7A4F7556}") = "Chapter 3", "Chapter 3\Chapter 3.csproj", "{9686D4A0-05E8-4FD7-91D7-2C69AB4F8492}"
EndProject
Project("{9A19103F-16F7-4668-BE54-9A1E7A4F7556}") = "Chapter 4", "Chapter 4\Chapter 4.csproj", "{4262AF0E-107F-429A-A0A5-20344CF1A99B}"
EndProject
Project("{9A19103F-16F7-4668-BE54-9A1E7A4F7556}") = "Chapter 5", "Chapter 5\Chapter 5.csproj", "{74DFA473-AC90-41EC-A14E-5239176BFE88}"
EndProject
Project("{9A19103F-16F7-4668-BE54-9A1E7A4F7556}") = "Chapter 6", "Chapter 6\Chapter 6.csproj", "{F7ED9042-0CF7-4EA7-AE36-2448CDBA6BE1}"
EndProject
Project("{FAE04EC0-301F-11D3-BF4B-00C04F79EFBC}") = "Chapter 7", "Chapter 7\Chapter 7.csproj", "{C03EE1B6-1FAF-4ACA-AE5F-252A65243260}"
EndProject
Global
	GlobalSection(SolutionConfigurationPlatforms) = preSolution
		Debug|Any CPU = Debug|Any CPU
		Release|Any CPU = Release|Any CPU
	EndGlobalSection
	GlobalSection(ProjectConfigurationPlatforms) = postSolution
		{D6EA2466-65EC-4465-85C6-6E766ECD65A2}.Debug|Any CPU.ActiveCfg = Debug|Any CPU
		{D6EA2466-65EC-4465-85C6-6E766ECD65A2}.Debug|Any CPU.Build.0 = Debug|Any CPU
		{D6EA2466-65EC-4465-85C6-6E766ECD65A2}.Release|Any CPU.ActiveCfg = Release|Any CPU
		{D6EA2466-65EC-4465-85C6-6E766ECD65A2}.Release|Any CPU.Build.0 = Release|Any CPU
		{3BD6D4AF-74DB-4EA7-B95D-5A75F0E327DC}.Debug|Any CPU.ActiveCfg = Debug|Any CPU
		{3BD6D4AF-74DB-4EA7-B95D-5A75F0E327DC}.Debug|Any CPU.Build.0 = Debug|Any CPU
		{3BD6D4AF-74DB-4EA7-B95D-5A75F0E327DC}.Release|Any CPU.ActiveCfg = Release|Any CPU
		{3BD6D4AF-74DB-4EA7-B95D-5A75F0E327DC}.Release|Any CPU.Build.0 = Release|Any CPU
		{C3F1828A-22E7-4FD5-82F2-762ED0D8D8FD}.Debug|Any CPU.ActiveCfg = Debug|Any CPU
		{C3F1828A-22E7-4FD5-82F2-762ED0D8D8FD}.Debug|Any CPU.Build.0 = Debug|Any CPU
		{C3F1828A-22E7-4FD5-82F2-762ED0D8D8FD}.Release|Any CPU.ActiveCfg = Release|Any CPU
		{C3F1828A-22E7-4FD5-82F2-762ED0D8D8FD}.Release|Any CPU.Build.0 = Release|Any CPU
		{9686D4A0-05E8-4FD7-91D7-2C69AB4F8492}.Debug|Any CPU.ActiveCfg = Debug|Any CPU
		{9686D4A0-05E8-4FD7-91D7-2C69AB4F8492}.Debug|Any CPU.Build.0 = Debug|Any CPU
		{9686D4A0-05E8-4FD7-91D7-2C69AB4F8492}.Release|Any CPU.ActiveCfg = Release|Any CPU
		{9686D4A0-05E8-4FD7-91D7-2C69AB4F8492}.Release|Any CPU.Build.0 = Release|Any CPU
		{4262AF0E-107F-429A-A0A5-20344CF1A99B}.Debug|Any CPU.ActiveCfg = Debug|Any CPU
		{4262AF0E-107F-429A-A0A5-20344CF1A99B}.Debug|Any CPU.Build.0 = Debug|Any CPU
		{4262AF0E-107F-429A-A0A5-20344CF1A99B}.Release|Any CPU.ActiveCfg = Release|Any CPU
		{4262AF0E-107F-429A-A0A5-20344CF1A99B}.Release|Any CPU.Build.0 = Release|Any CPU
		{74DFA473-AC90-41EC-A14E-5239176BFE88}.Debug|Any CPU.ActiveCfg = Debug|Any CPU
		{74DFA473-AC90-41EC-A14E-5239176BFE88}.Debug|Any CPU.Build.0 = Debug|Any CPU
		{74DFA473-AC90-41EC-A14E-5239176BFE88}.Release|Any CPU.ActiveCfg = Release|Any CPU
		{74DFA473-AC90-41EC-A14E-5239176BFE88}.Release|Any CPU.Build.0 = Release|Any CPU
		{F7ED9042-0CF7-4EA7-AE36-2448CDBA6BE1}.Debug|Any CPU.ActiveCfg = Debug|Any CPU
		{F7ED9042-0CF7-4EA7-AE36-2448CDBA6BE1}.Debug|Any CPU.Build.0 = Debug|Any CPU
		{F7ED9042-0CF7-4EA7-AE36-2448CDBA6BE1}.Release|Any CPU.ActiveCfg = Release|Any CPU
		{F7ED9042-0CF7-4EA7-AE36-2448CDBA6BE1}.Release|Any CPU.Build.0 = Release|Any CPU
		{C03EE1B6-1FAF-4ACA-AE5F-252A65243260}.Debug|Any CPU.ActiveCfg = Debug|Any CPU
		{C03EE1B6-1FAF-4ACA-AE5F-252A65243260}.Debug|Any CPU.Build.0 = Debug|Any CPU
		{C03EE1B6-1FAF-4ACA-AE5F-252A65243260}.Release|Any CPU.ActiveCfg = Release|Any CPU
		{C03EE1B6-1FAF-4ACA-AE5F-252A65243260}.Release|Any CPU.Build.0 = Release|Any CPU
	EndGlobalSection
	GlobalSection(SolutionProperties) = preSolution
		HideSolutionNode = FALSE
	EndGlobalSection
	GlobalSection(ExtensibilityGlobals) = postSolution
		SolutionGuid = {7E4A36A9-8BF9-4ABD-B2E8-047A55A06D90}
	EndGlobalSection
EndGlobal
